{
  "name": "clumsy-bird",
  "version": "0.1.0",
  "lockfileVersion": 1,
  "requires": true,
  "dependencies": {
    "earcut": {
      "version": "2.1.5",
      "resolved": "https://registry.npmjs.org/earcut/-/earcut-2.1.5.tgz",
      "integrity": "sha512-QFWC7ywTVLtvRAJTVp8ugsuuGQ5mVqNmJ1cRYeLrSHgP3nycr2RHTJob9OtM0v8ujuoKN0NY1a93J/omeTL1PA=="
    },
    "howler": {
      "version": "2.1.2",
      "resolved": "https://registry.npmjs.org/howler/-/howler-2.1.2.tgz",
      "integrity": "sha512-oKrTFaVXsDRoB/jik7cEpWKTj7VieoiuzMYJ7E/EU5ayvmpRhumCv3YQ3823zi9VTJkSWAhbryHnlZAionGAJg=="
    },
    "jay-extend": {
      "version": "1.0.1",
      "resolved": "https://registry.npmjs.org/jay-extend/-/jay-extend-1.0.1.tgz",
      "integrity": "sha1-qcAYbpzlFDSJ+5mMWZ6rwRkW0ZA="
    },
    "melonjs": {
      "version": "7.1.1",
      "resolved": "https://registry.npmjs.org/melonjs/-/melonjs-7.1.1.tgz",
      "integrity": "sha512-pUe1p0X2a4OwF3p8WZbXlc0kRutQjNmDd353FiC/EGiGqLHo1iiayr8glD4G67W3EKs7TtW+Squ08cNyBcrklQ==",
      "requires": {
        "earcut": "2.1.5",
        "howler": "2.1.2",
        "jay-extend": "1.0.1",
        "minpubsub": "0.0.2"
      }
    },
    "minpubsub": {
      "version": "0.0.2",
      "resolved": "https://registry.npmjs.org/minpubsub/-/minpubsub-0.0.2.tgz",
      "integrity": "sha1-kkkQNEfuIDp1PFpJejAquS73q+s="
    }
  }
}
